{
  "version": 4,
  "terraform_version": "1.1.8",
  "serial": 25,
  "lineage": "bc144566-499e-2982-6d3d-e7f02db6c4cc",
  "outputs": {},
  "resources": [
    {
      "mode": "data",
      "type": "azurerm_resource_group",
      "name": "main",
      "provider": "provider[\"registry.terraform.io/hashicorp/azurerm\"]",
      "instances": [
        {
          "schema_version": 0,
          "attributes": {
            "id": "/subscriptions/d33b95c7-af3c-4247-9661-aa96d47fccc0/resourceGroups/CreditSuisse21_JacquelineUngerer_ProjectExercise",
            "location": "uksouth",
            "name": "CreditSuisse21_JacquelineUngerer_ProjectExercise",
            "tags": {},
            "timeouts": null
          },
          "sensitive_attributes": []
        }
      ]
    },
    {
      "mode": "managed",
      "type": "azurerm_app_service",
      "name": "main",
      "provider": "provider[\"registry.terraform.io/hashicorp/azurerm\"]",
      "instances": [
        {
          "schema_version": 0,
          "attributes": {
            "app_service_plan_id": "/subscriptions/d33b95c7-af3c-4247-9661-aa96d47fccc0/resourceGroups/CreditSuisse21_JacquelineUngerer_ProjectExercise/providers/Microsoft.Web/serverfarms/terraformed-asp",
            "app_settings": {
              "CLIENT_ID": "2b0847670df12f233229",
              "CLIENT_SECRET": "84d92032ade58c6dd882655e038900abb3ff0163",
              "DOCKER_REGISTRY_SERVER_URL": "https://index.docker.io",
              "FLASK_APP": "todo_app/app.",
              "MONGODB_CONNECTION_STRING": "mongodb://jackiemaw-cosmos-db-94096:VHVLbnXxPrQpnATtw08tB0F0hv6wQ3YwEhAMIs8mE7msCsZ0ueuAi0VN7uZ0zbFzr6rVnTyNZrWZQoPJSZEnvg==@jackiemaw-cosmos-db-94096.mongo.cosmos.azure.com:10255/?ssl=true\u0026retrywrites=false\u0026replicaSet=globaldb\u0026maxIdleTimeMS=120000\u0026appName=@jackiemaw-cosmos-db-94096@",
              "MONGODB_DATABASE": "doMeNowDatabase",
              "SECRET_KEY": "AzureSecretKey"
            },
            "auth_settings": [
              {
                "active_directory": [],
                "additional_login_params": {},
                "allowed_external_redirect_urls": [],
                "default_provider": "",
                "enabled": false,
                "facebook": [],
                "google": [],
                "issuer": "",
                "microsoft": [],
                "runtime_version": "",
                "token_refresh_extension_hours": 0,
                "token_store_enabled": false,
                "twitter": [],
                "unauthenticated_client_action": ""
              }
            ],
            "backup": [],
            "client_affinity_enabled": false,
            "client_cert_enabled": false,
            "client_cert_mode": "Required",
            "connection_string": [],
            "custom_domain_verification_id": "C11362A7BC6B6AE47600B6CA026E5B947B6577DA4AE022E214743600719CCB1D",
            "default_site_hostname": "jackiemaw-do-me-now.azurewebsites.net",
            "enabled": true,
            "https_only": false,
            "id": "/subscriptions/d33b95c7-af3c-4247-9661-aa96d47fccc0/resourceGroups/CreditSuisse21_JacquelineUngerer_ProjectExercise/providers/Microsoft.Web/sites/jackiemaw-do-me-now",
            "identity": [],
            "key_vault_reference_identity_id": "SystemAssigned",
            "location": "uksouth",
            "logs": [
              {
                "application_logs": [
                  {
                    "azure_blob_storage": [],
                    "file_system_level": "Off"
                  }
                ],
                "detailed_error_messages_enabled": false,
                "failed_request_tracing_enabled": false,
                "http_logs": [
                  {
                    "azure_blob_storage": [],
                    "file_system": [
                      {
                        "retention_in_days": 0,
                        "retention_in_mb": 35
                      }
                    ]
                  }
                ]
              }
            ],
            "name": "jackiemaw-do-me-now",
            "outbound_ip_address_list": [
              "51.143.227.137",
              "51.143.228.218",
              "51.143.230.135",
              "20.77.184.27",
              "20.77.184.107",
              "20.77.184.222",
              "51.104.28.76"
            ],
            "outbound_ip_addresses": "51.143.227.137,51.143.228.218,51.143.230.135,20.77.184.27,20.77.184.107,20.77.184.222,51.104.28.76",
            "possible_outbound_ip_address_list": [
              "51.143.227.137",
              "51.143.228.218",
              "51.143.230.135",
              "20.77.184.27",
              "20.77.184.107",
              "20.77.184.222",
              "20.77.185.147",
              "20.77.185.188",
              "20.77.185.227",
              "20.77.185.232",
              "20.77.186.47",
              "20.77.186.51",
              "20.77.186.98",
              "20.77.186.138",
              "20.77.186.193",
              "20.77.186.196",
              "20.77.186.199",
              "20.77.186.230",
              "20.49.247.193",
              "20.77.160.2",
              "20.77.160.72",
              "20.77.160.77",
              "20.77.160.82",
              "20.77.160.89",
              "51.104.28.76"
            ],
            "possible_outbound_ip_addresses": "51.143.227.137,51.143.228.218,51.143.230.135,20.77.184.27,20.77.184.107,20.77.184.222,20.77.185.147,20.77.185.188,20.77.185.227,20.77.185.232,20.77.186.47,20.77.186.51,20.77.186.98,20.77.186.138,20.77.186.193,20.77.186.196,20.77.186.199,20.77.186.230,20.49.247.193,20.77.160.2,20.77.160.72,20.77.160.77,20.77.160.82,20.77.160.89,51.104.28.76",
            "resource_group_name": "CreditSuisse21_JacquelineUngerer_ProjectExercise",
            "site_config": [
              {
                "acr_use_managed_identity_credentials": false,
                "acr_user_managed_identity_client_id": "",
                "always_on": false,
                "app_command_line": "",
                "auto_swap_slot_name": "",
                "cors": [
                  {
                    "allowed_origins": [],
                    "support_credentials": false
                  }
                ],
                "default_documents": [],
                "dotnet_framework_version": "v4.0",
                "ftps_state": "AllAllowed",
                "health_check_path": "",
                "http2_enabled": false,
                "ip_restriction": [],
                "java_container": "",
                "java_container_version": "",
                "java_version": "",
                "linux_fx_version": "DOCKER|jackiemaw/do-me:latest",
                "local_mysql_enabled": false,
                "managed_pipeline_mode": "Integrated",
                "min_tls_version": "1.2",
                "number_of_workers": 1,
                "php_version": "",
                "python_version": "",
                "remote_debugging_enabled": false,
                "remote_debugging_version": "VS2019",
                "scm_ip_restriction": [],
                "scm_type": "None",
                "scm_use_main_ip_restriction": false,
                "use_32_bit_worker_process": false,
                "vnet_route_all_enabled": false,
                "websockets_enabled": false,
                "windows_fx_version": ""
              }
            ],
            "site_credential": [
              {
                "password": "9t771qkSqwm0qYighbtvYvRwJbn3R7xrLtWTky81y4TLC2sz4oNcjpAwZfCZ",
                "username": "$jackiemaw-do-me-now"
              }
            ],
            "source_control": [
              {
                "branch": "master",
                "manual_integration": false,
                "repo_url": "",
                "rollback_enabled": false,
                "use_mercurial": false
              }
            ],
            "storage_account": [],
            "tags": {},
            "timeouts": null
          },
          "sensitive_attributes": [],
          "private": "eyJlMmJmYjczMC1lY2FhLTExZTYtOGY4OC0zNDM2M2JjN2M0YzAiOnsiY3JlYXRlIjoxODAwMDAwMDAwMDAwLCJkZWxldGUiOjE4MDAwMDAwMDAwMDAsInJlYWQiOjMwMDAwMDAwMDAwMCwidXBkYXRlIjoxODAwMDAwMDAwMDAwfX0=",
          "dependencies": [
            "azurerm_app_service_plan.main",
            "data.azurerm_resource_group.main"
          ]
        }
      ]
    },
    {
      "mode": "managed",
      "type": "azurerm_app_service_plan",
      "name": "main",
      "provider": "provider[\"registry.terraform.io/hashicorp/azurerm\"]",
      "instances": [
        {
          "schema_version": 0,
          "attributes": {
            "app_service_environment_id": "",
            "id": "/subscriptions/d33b95c7-af3c-4247-9661-aa96d47fccc0/resourceGroups/CreditSuisse21_JacquelineUngerer_ProjectExercise/providers/Microsoft.Web/serverfarms/terraformed-asp",
            "is_xenon": false,
            "kind": "linux",
            "location": "uksouth",
            "maximum_elastic_worker_count": 1,
            "maximum_number_of_workers": 3,
            "name": "terraformed-asp",
            "per_site_scaling": false,
            "reserved": true,
            "resource_group_name": "CreditSuisse21_JacquelineUngerer_ProjectExercise",
            "sku": [
              {
                "capacity": 1,
                "size": "B1",
                "tier": "Basic"
              }
            ],
            "tags": {},
            "timeouts": null,
            "zone_redundant": false
          },
          "sensitive_attributes": [],
          "private": "eyJlMmJmYjczMC1lY2FhLTExZTYtOGY4OC0zNDM2M2JjN2M0YzAiOnsiY3JlYXRlIjozNjAwMDAwMDAwMDAwLCJkZWxldGUiOjM2MDAwMDAwMDAwMDAsInJlYWQiOjMwMDAwMDAwMDAwMCwidXBkYXRlIjozNjAwMDAwMDAwMDAwfX0=",
          "dependencies": [
            "data.azurerm_resource_group.main"
          ]
        }
      ]
    },
    {
      "mode": "managed",
      "type": "azurerm_cosmosdb_account",
      "name": "main",
      "provider": "provider[\"registry.terraform.io/hashicorp/azurerm\"]",
      "instances": [
        {
          "schema_version": 0,
          "attributes": {
            "access_key_metadata_writes_enabled": true,
            "analytical_storage": [
              {
                "schema_type": "FullFidelity"
              }
            ],
            "analytical_storage_enabled": false,
            "backup": [
              {
                "interval_in_minutes": 240,
                "retention_in_hours": 8,
                "storage_redundancy": "Geo",
                "type": "Periodic"
              }
            ],
            "capabilities": [
              {
                "name": "EnableAggregationPipeline"
              },
              {
                "name": "EnableMongo"
              },
              {
                "name": "EnableServerless"
              },
              {
                "name": "MongoDBv3.4"
              },
              {
                "name": "mongoEnableDocLevelTTL"
              }
            ],
            "capacity": [],
            "connection_strings": [
              "mongodb://jackiemaw-cosmos-db-94096:VHVLbnXxPrQpnATtw08tB0F0hv6wQ3YwEhAMIs8mE7msCsZ0ueuAi0VN7uZ0zbFzr6rVnTyNZrWZQoPJSZEnvg==@jackiemaw-cosmos-db-94096.mongo.cosmos.azure.com:10255/?ssl=true\u0026replicaSet=globaldb\u0026retrywrites=false\u0026maxIdleTimeMS=120000\u0026appName=@jackiemaw-cosmos-db-94096@",
              "mongodb://jackiemaw-cosmos-db-94096:9BOtJn7fHwcC53uPYUaF2N2UhWeW7FsyyhymVJSpE9BNJ4HJoPwPEqWocV6eA3vUxyKPQ3KxarJEwxRccW5ErQ==@jackiemaw-cosmos-db-94096.mongo.cosmos.azure.com:10255/?ssl=true\u0026replicaSet=globaldb\u0026retrywrites=false\u0026maxIdleTimeMS=120000\u0026appName=@jackiemaw-cosmos-db-94096@",
              "mongodb://jackiemaw-cosmos-db-94096:e0HvbpwA3XSRzsfUUH3s0S2HMaqXmsFr4IFVvpcNNEzlnr1Kvj36xrt1TmifZayQtycyqhDV8JjOL7QTiTmdiQ==@jackiemaw-cosmos-db-94096.mongo.cosmos.azure.com:10255/?ssl=true\u0026replicaSet=globaldb\u0026retrywrites=false\u0026maxIdleTimeMS=120000\u0026appName=@jackiemaw-cosmos-db-94096@",
              "mongodb://jackiemaw-cosmos-db-94096:HQ1SoSXLuslLzybwDFvWNXQ5dCw0HueuINCv1QsKPm2VFnygmyf5J14yoTFVB0TRQUN59xbGmdBREEwNxxly4g==@jackiemaw-cosmos-db-94096.mongo.cosmos.azure.com:10255/?ssl=true\u0026replicaSet=globaldb\u0026retrywrites=false\u0026maxIdleTimeMS=120000\u0026appName=@jackiemaw-cosmos-db-94096@"
            ],
            "consistency_policy": [
              {
                "consistency_level": "BoundedStaleness",
                "max_interval_in_seconds": 300,
                "max_staleness_prefix": 100000
              }
            ],
            "cors_rule": [],
            "create_mode": "",
            "default_identity_type": "FirstPartyIdentity",
            "enable_automatic_failover": true,
            "enable_free_tier": false,
            "enable_multiple_write_locations": false,
            "endpoint": "https://jackiemaw-cosmos-db-94096.documents.azure.com:443/",
            "geo_location": [
              {
                "failover_priority": 0,
                "id": "jackiemaw-cosmos-db-94096-uksouth",
                "location": "uksouth",
                "prefix": "",
                "zone_redundant": false
              }
            ],
            "id": "/subscriptions/d33b95c7-af3c-4247-9661-aa96d47fccc0/resourceGroups/CreditSuisse21_JacquelineUngerer_ProjectExercise/providers/Microsoft.DocumentDB/databaseAccounts/jackiemaw-cosmos-db-94096",
            "identity": [],
            "ip_range_filter": "",
            "is_virtual_network_filter_enabled": false,
            "key_vault_key_id": null,
            "kind": "MongoDB",
            "local_authentication_disabled": false,
            "location": "uksouth",
            "mongo_server_version": "3.6",
            "name": "jackiemaw-cosmos-db-94096",
            "network_acl_bypass_for_azure_services": false,
            "network_acl_bypass_ids": [],
            "offer_type": "Standard",
            "primary_key": "VHVLbnXxPrQpnATtw08tB0F0hv6wQ3YwEhAMIs8mE7msCsZ0ueuAi0VN7uZ0zbFzr6rVnTyNZrWZQoPJSZEnvg==",
            "primary_master_key": "VHVLbnXxPrQpnATtw08tB0F0hv6wQ3YwEhAMIs8mE7msCsZ0ueuAi0VN7uZ0zbFzr6rVnTyNZrWZQoPJSZEnvg==",
            "primary_readonly_key": "e0HvbpwA3XSRzsfUUH3s0S2HMaqXmsFr4IFVvpcNNEzlnr1Kvj36xrt1TmifZayQtycyqhDV8JjOL7QTiTmdiQ==",
            "primary_readonly_master_key": "e0HvbpwA3XSRzsfUUH3s0S2HMaqXmsFr4IFVvpcNNEzlnr1Kvj36xrt1TmifZayQtycyqhDV8JjOL7QTiTmdiQ==",
            "public_network_access_enabled": true,
            "read_endpoints": [
              "https://jackiemaw-cosmos-db-94096-uksouth.documents.azure.com:443/"
            ],
            "resource_group_name": "CreditSuisse21_JacquelineUngerer_ProjectExercise",
            "restore": [],
            "secondary_key": "9BOtJn7fHwcC53uPYUaF2N2UhWeW7FsyyhymVJSpE9BNJ4HJoPwPEqWocV6eA3vUxyKPQ3KxarJEwxRccW5ErQ==",
            "secondary_master_key": "9BOtJn7fHwcC53uPYUaF2N2UhWeW7FsyyhymVJSpE9BNJ4HJoPwPEqWocV6eA3vUxyKPQ3KxarJEwxRccW5ErQ==",
            "secondary_readonly_key": "HQ1SoSXLuslLzybwDFvWNXQ5dCw0HueuINCv1QsKPm2VFnygmyf5J14yoTFVB0TRQUN59xbGmdBREEwNxxly4g==",
            "secondary_readonly_master_key": "HQ1SoSXLuslLzybwDFvWNXQ5dCw0HueuINCv1QsKPm2VFnygmyf5J14yoTFVB0TRQUN59xbGmdBREEwNxxly4g==",
            "tags": {},
            "timeouts": null,
            "virtual_network_rule": [],
            "write_endpoints": [
              "https://jackiemaw-cosmos-db-94096-uksouth.documents.azure.com:443/"
            ]
          },
          "sensitive_attributes": [],
          "private": "eyJlMmJmYjczMC1lY2FhLTExZTYtOGY4OC0zNDM2M2JjN2M0YzAiOnsiY3JlYXRlIjoxMDgwMDAwMDAwMDAwMCwiZGVsZXRlIjoxMDgwMDAwMDAwMDAwMCwicmVhZCI6MzAwMDAwMDAwMDAwLCJ1cGRhdGUiOjEwODAwMDAwMDAwMDAwfX0=",
          "dependencies": [
            "data.azurerm_resource_group.main",
            "random_integer.ri"
          ]
        }
      ]
    },
    {
      "mode": "managed",
      "type": "azurerm_cosmosdb_mongo_database",
      "name": "main",
      "provider": "provider[\"registry.terraform.io/hashicorp/azurerm\"]",
      "instances": [
        {
          "schema_version": 1,
          "attributes": {
            "account_name": "jackiemaw-cosmos-db-94096",
            "autoscale_settings": [],
            "id": "/subscriptions/d33b95c7-af3c-4247-9661-aa96d47fccc0/resourceGroups/CreditSuisse21_JacquelineUngerer_ProjectExercise/providers/Microsoft.DocumentDB/databaseAccounts/jackiemaw-cosmos-db-94096/mongodbDatabases/doMeNowDatabase",
            "name": "doMeNowDatabase",
            "resource_group_name": "CreditSuisse21_JacquelineUngerer_ProjectExercise",
            "throughput": null,
            "timeouts": null
          },
          "sensitive_attributes": [],
          "private": "eyJlMmJmYjczMC1lY2FhLTExZTYtOGY4OC0zNDM2M2JjN2M0YzAiOnsiY3JlYXRlIjoxODAwMDAwMDAwMDAwLCJkZWxldGUiOjE4MDAwMDAwMDAwMDAsInJlYWQiOjMwMDAwMDAwMDAwMCwidXBkYXRlIjoxODAwMDAwMDAwMDAwfSwic2NoZW1hX3ZlcnNpb24iOiIxIn0=",
          "dependencies": [
            "azurerm_cosmosdb_account.main",
            "data.azurerm_resource_group.main",
            "random_integer.ri"
          ]
        }
      ]
    },
    {
      "mode": "managed",
      "type": "random_integer",
      "name": "ri",
      "provider": "provider[\"registry.terraform.io/hashicorp/random\"]",
      "instances": [
        {
          "schema_version": 0,
          "attributes": {
            "id": "94096",
            "keepers": null,
            "max": 99999,
            "min": 10000,
            "result": 94096,
            "seed": null
          },
          "sensitive_attributes": [],
          "private": "bnVsbA=="
        }
      ]
    }
  ]
}
